// !$*UTF8*$!
{
	archiveVersion = 1;
	classes = {
	};
	objectVersion = 56;
	objects = {

/* Begin PBXBuildFile section */
		B8032BDF29E469E30033FC5B /* SOMDomainLayer in Frameworks */ = {isa = PBXBuildFile; productRef = B8032BDE29E469E30033FC5B /* SOMDomainLayer */; };
		B80912242A091BAC006ADE9F /* RouterExtensions.swift in Sources */ = {isa = PBXBuildFile; fileRef = B80912232A091BAC006ADE9F /* RouterExtensions.swift */; };
		B80ED7E82A1FC6740027709D /* DetailView.swift in Sources */ = {isa = PBXBuildFile; fileRef = B80ED7E62A1FC6740027709D /* DetailView.swift */; };
		B80ED7E92A1FC6740027709D /* DetailViewModel.swift in Sources */ = {isa = PBXBuildFile; fileRef = B80ED7E72A1FC6740027709D /* DetailViewModel.swift */; };
		B82539DB29E4A7630071DF6F /* SOMDesignSystem in Frameworks */ = {isa = PBXBuildFile; productRef = B82539DA29E4A7630071DF6F /* SOMDesignSystem */; };
		B82539DD29E5E0C80071DF6F /* SOMDataLayer in Frameworks */ = {isa = PBXBuildFile; productRef = B82539DC29E5E0C80071DF6F /* SOMDataLayer */; };
		B82539E229E731B80071DF6F /* MainTabView.swift in Sources */ = {isa = PBXBuildFile; fileRef = B82539E029E731B80071DF6F /* MainTabView.swift */; };
		B82539E329E731B80071DF6F /* MainTabViewModel.swift in Sources */ = {isa = PBXBuildFile; fileRef = B82539E129E731B80071DF6F /* MainTabViewModel.swift */; };
		B8A15DA529F3DE7000D81420 /* TabViewRouter.swift in Sources */ = {isa = PBXBuildFile; fileRef = B8A15DA429F3DE7000D81420 /* TabViewRouter.swift */; };
		B8A15DA829F3E05C00D81420 /* Routers+DependencyInjection.swift in Sources */ = {isa = PBXBuildFile; fileRef = B8A15DA729F3E05C00D81420 /* Routers+DependencyInjection.swift */; };
		B8B9D26229F4029B00F4EA09 /* MainRouter.swift in Sources */ = {isa = PBXBuildFile; fileRef = B8B9D26129F4029B00F4EA09 /* MainRouter.swift */; };
		B8B9D26429F4086500F4EA09 /* Repositories+DependencyInjection.swift in Sources */ = {isa = PBXBuildFile; fileRef = B8B9D26329F4086500F4EA09 /* Repositories+DependencyInjection.swift */; };
		B8B9D26629F408AB00F4EA09 /* UseCases+DependencyInjection.swift in Sources */ = {isa = PBXBuildFile; fileRef = B8B9D26529F408AB00F4EA09 /* UseCases+DependencyInjection.swift */; };
		B8B9D26A29F40E5900F4EA09 /* MissionView.swift in Sources */ = {isa = PBXBuildFile; fileRef = B8B9D26829F40E5900F4EA09 /* MissionView.swift */; };
		B8B9D26B29F40E5900F4EA09 /* MissionViewModel.swift in Sources */ = {isa = PBXBuildFile; fileRef = B8B9D26929F40E5900F4EA09 /* MissionViewModel.swift */; };
		B8B9D26F29F5BB4C00F4EA09 /* SearchSettingsView.swift in Sources */ = {isa = PBXBuildFile; fileRef = B8B9D26D29F5BB4C00F4EA09 /* SearchSettingsView.swift */; };
		B8B9D27029F5BB4C00F4EA09 /* SearchSettingsViewModel.swift in Sources */ = {isa = PBXBuildFile; fileRef = B8B9D26E29F5BB4C00F4EA09 /* SearchSettingsViewModel.swift */; };
		B8C7040429FE84B000F779F4 /* Date+Extensions.swift in Sources */ = {isa = PBXBuildFile; fileRef = B8C7040329FE84B000F779F4 /* Date+Extensions.swift */; };
		B8C7040629FFFEB300F779F4 /* Double+Extensions.swift in Sources */ = {isa = PBXBuildFile; fileRef = B8C7040529FFFEB300F779F4 /* Double+Extensions.swift */; };
		B8C7040829FFFEC800F779F4 /* Int+Extensions.swift in Sources */ = {isa = PBXBuildFile; fileRef = B8C7040729FFFEC800F779F4 /* Int+Extensions.swift */; };
		B8CA8E3B2A0BA5DD0093A42E /* FavoriteView.swift in Sources */ = {isa = PBXBuildFile; fileRef = B8CA8E392A0BA5DD0093A42E /* FavoriteView.swift */; };
		B8CA8E3C2A0BA5DD0093A42E /* FavoriteViewModel.swift in Sources */ = {isa = PBXBuildFile; fileRef = B8CA8E3A2A0BA5DD0093A42E /* FavoriteViewModel.swift */; };
		B8F8E25A29E462870021117A /* SwiftOnMarsApp.swift in Sources */ = {isa = PBXBuildFile; fileRef = B8F8E25929E462870021117A /* SwiftOnMarsApp.swift */; };
		B8F8E25E29E462880021117A /* Assets.xcassets in Resources */ = {isa = PBXBuildFile; fileRef = B8F8E25D29E462880021117A /* Assets.xcassets */; };
		B8F8E26129E462880021117A /* Preview Assets.xcassets in Resources */ = {isa = PBXBuildFile; fileRef = B8F8E26029E462880021117A /* Preview Assets.xcassets */; };
		B8F8E26B29E462880021117A /* SwiftOnMarsTests.swift in Sources */ = {isa = PBXBuildFile; fileRef = B8F8E26A29E462880021117A /* SwiftOnMarsTests.swift */; };
		B8F8E27529E462880021117A /* SwiftOnMarsUITests.swift in Sources */ = {isa = PBXBuildFile; fileRef = B8F8E27429E462880021117A /* SwiftOnMarsUITests.swift */; };
		B8F8E27729E462880021117A /* SwiftOnMarsUITestsLaunchTests.swift in Sources */ = {isa = PBXBuildFile; fileRef = B8F8E27629E462880021117A /* SwiftOnMarsUITestsLaunchTests.swift */; };
		B8F8E28529E4650F0021117A /* Factory in Frameworks */ = {isa = PBXBuildFile; productRef = B8F8E28429E4650F0021117A /* Factory */; };
/* End PBXBuildFile section */

/* Begin PBXContainerItemProxy section */
		B8F8E26729E462880021117A /* PBXContainerItemProxy */ = {
			isa = PBXContainerItemProxy;
			containerPortal = B8F8E24E29E462870021117A /* Project object */;
			proxyType = 1;
			remoteGlobalIDString = B8F8E25529E462870021117A;
			remoteInfo = SwiftOnMars;
		};
		B8F8E27129E462880021117A /* PBXContainerItemProxy */ = {
			isa = PBXContainerItemProxy;
			containerPortal = B8F8E24E29E462870021117A /* Project object */;
			proxyType = 1;
			remoteGlobalIDString = B8F8E25529E462870021117A;
			remoteInfo = SwiftOnMars;
		};
/* End PBXContainerItemProxy section */

/* Begin PBXFileReference section */
		B8032BDC29E4699F0033FC5B /* SOMDomainLayer */ = {isa = PBXFileReference; lastKnownFileType = wrapper; name = SOMDomainLayer; path = LocalPackages/SOMDomainLayer; sourceTree = "<group>"; };
		B8032BE029E46C2C0033FC5B /* SOMDataLayer */ = {isa = PBXFileReference; lastKnownFileType = wrapper; name = SOMDataLayer; path = LocalPackages/SOMDataLayer; sourceTree = "<group>"; };
		B8032BE129E46C330033FC5B /* SOMDesignSystem */ = {isa = PBXFileReference; lastKnownFileType = wrapper; name = SOMDesignSystem; path = LocalPackages/SOMDesignSystem; sourceTree = "<group>"; };
		B80912232A091BAC006ADE9F /* RouterExtensions.swift */ = {isa = PBXFileReference; lastKnownFileType = sourcecode.swift; path = RouterExtensions.swift; sourceTree = "<group>"; };
		B80ED7E62A1FC6740027709D /* DetailView.swift */ = {isa = PBXFileReference; lastKnownFileType = sourcecode.swift; path = DetailView.swift; sourceTree = "<group>"; };
		B80ED7E72A1FC6740027709D /* DetailViewModel.swift */ = {isa = PBXFileReference; lastKnownFileType = sourcecode.swift; path = DetailViewModel.swift; sourceTree = "<group>"; };
		B82539DE29E7226E0071DF6F /* NasaModels */ = {isa = PBXFileReference; lastKnownFileType = wrapper; name = NasaModels; path = LocalPackages/NasaModels; sourceTree = "<group>"; };
		B82539E029E731B80071DF6F /* MainTabView.swift */ = {isa = PBXFileReference; lastKnownFileType = sourcecode.swift; path = MainTabView.swift; sourceTree = "<group>"; };
		B82539E129E731B80071DF6F /* MainTabViewModel.swift */ = {isa = PBXFileReference; lastKnownFileType = sourcecode.swift; path = MainTabViewModel.swift; sourceTree = "<group>"; };
		B8A15DA429F3DE7000D81420 /* TabViewRouter.swift */ = {isa = PBXFileReference; lastKnownFileType = sourcecode.swift; path = TabViewRouter.swift; sourceTree = "<group>"; };
		B8A15DA729F3E05C00D81420 /* Routers+DependencyInjection.swift */ = {isa = PBXFileReference; lastKnownFileType = sourcecode.swift; path = "Routers+DependencyInjection.swift"; sourceTree = "<group>"; };
		B8B9D26129F4029B00F4EA09 /* MainRouter.swift */ = {isa = PBXFileReference; lastKnownFileType = sourcecode.swift; path = MainRouter.swift; sourceTree = "<group>"; };
		B8B9D26329F4086500F4EA09 /* Repositories+DependencyInjection.swift */ = {isa = PBXFileReference; lastKnownFileType = sourcecode.swift; path = "Repositories+DependencyInjection.swift"; sourceTree = "<group>"; };
		B8B9D26529F408AB00F4EA09 /* UseCases+DependencyInjection.swift */ = {isa = PBXFileReference; lastKnownFileType = sourcecode.swift; path = "UseCases+DependencyInjection.swift"; sourceTree = "<group>"; };
		B8B9D26829F40E5900F4EA09 /* MissionView.swift */ = {isa = PBXFileReference; lastKnownFileType = sourcecode.swift; path = MissionView.swift; sourceTree = "<group>"; };
		B8B9D26929F40E5900F4EA09 /* MissionViewModel.swift */ = {isa = PBXFileReference; lastKnownFileType = sourcecode.swift; path = MissionViewModel.swift; sourceTree = "<group>"; };
		B8B9D26D29F5BB4C00F4EA09 /* SearchSettingsView.swift */ = {isa = PBXFileReference; lastKnownFileType = sourcecode.swift; path = SearchSettingsView.swift; sourceTree = "<group>"; };
		B8B9D26E29F5BB4C00F4EA09 /* SearchSettingsViewModel.swift */ = {isa = PBXFileReference; lastKnownFileType = sourcecode.swift; path = SearchSettingsViewModel.swift; sourceTree = "<group>"; };
		B8C7040329FE84B000F779F4 /* Date+Extensions.swift */ = {isa = PBXFileReference; lastKnownFileType = sourcecode.swift; path = "Date+Extensions.swift"; sourceTree = "<group>"; };
		B8C7040529FFFEB300F779F4 /* Double+Extensions.swift */ = {isa = PBXFileReference; lastKnownFileType = sourcecode.swift; path = "Double+Extensions.swift"; sourceTree = "<group>"; };
		B8C7040729FFFEC800F779F4 /* Int+Extensions.swift */ = {isa = PBXFileReference; lastKnownFileType = sourcecode.swift; path = "Int+Extensions.swift"; sourceTree = "<group>"; };
		B8CA8E392A0BA5DD0093A42E /* FavoriteView.swift */ = {isa = PBXFileReference; lastKnownFileType = sourcecode.swift; path = FavoriteView.swift; sourceTree = "<group>"; };
		B8CA8E3A2A0BA5DD0093A42E /* FavoriteViewModel.swift */ = {isa = PBXFileReference; lastKnownFileType = sourcecode.swift; path = FavoriteViewModel.swift; sourceTree = "<group>"; };
		B8F8E25629E462870021117A /* SwiftOnMars.app */ = {isa = PBXFileReference; explicitFileType = wrapper.application; includeInIndex = 0; path = SwiftOnMars.app; sourceTree = BUILT_PRODUCTS_DIR; };
		B8F8E25929E462870021117A /* SwiftOnMarsApp.swift */ = {isa = PBXFileReference; lastKnownFileType = sourcecode.swift; path = SwiftOnMarsApp.swift; sourceTree = "<group>"; };
		B8F8E25D29E462880021117A /* Assets.xcassets */ = {isa = PBXFileReference; lastKnownFileType = folder.assetcatalog; path = Assets.xcassets; sourceTree = "<group>"; };
		B8F8E26029E462880021117A /* Preview Assets.xcassets */ = {isa = PBXFileReference; lastKnownFileType = folder.assetcatalog; path = "Preview Assets.xcassets"; sourceTree = "<group>"; };
		B8F8E26629E462880021117A /* SwiftOnMarsTests.xctest */ = {isa = PBXFileReference; explicitFileType = wrapper.cfbundle; includeInIndex = 0; path = SwiftOnMarsTests.xctest; sourceTree = BUILT_PRODUCTS_DIR; };
		B8F8E26A29E462880021117A /* SwiftOnMarsTests.swift */ = {isa = PBXFileReference; lastKnownFileType = sourcecode.swift; path = SwiftOnMarsTests.swift; sourceTree = "<group>"; };
		B8F8E27029E462880021117A /* SwiftOnMarsUITests.xctest */ = {isa = PBXFileReference; explicitFileType = wrapper.cfbundle; includeInIndex = 0; path = SwiftOnMarsUITests.xctest; sourceTree = BUILT_PRODUCTS_DIR; };
		B8F8E27429E462880021117A /* SwiftOnMarsUITests.swift */ = {isa = PBXFileReference; lastKnownFileType = sourcecode.swift; path = SwiftOnMarsUITests.swift; sourceTree = "<group>"; };
		B8F8E27629E462880021117A /* SwiftOnMarsUITestsLaunchTests.swift */ = {isa = PBXFileReference; lastKnownFileType = sourcecode.swift; path = SwiftOnMarsUITestsLaunchTests.swift; sourceTree = "<group>"; };
/* End PBXFileReference section */

/* Begin PBXFrameworksBuildPhase section */
		B8F8E25329E462870021117A /* Frameworks */ = {
			isa = PBXFrameworksBuildPhase;
			buildActionMask = 2147483647;
			files = (
				B8032BDF29E469E30033FC5B /* SOMDomainLayer in Frameworks */,
				B82539DB29E4A7630071DF6F /* SOMDesignSystem in Frameworks */,
				B82539DD29E5E0C80071DF6F /* SOMDataLayer in Frameworks */,
				B8F8E28529E4650F0021117A /* Factory in Frameworks */,
			);
			runOnlyForDeploymentPostprocessing = 0;
		};
		B8F8E26329E462880021117A /* Frameworks */ = {
			isa = PBXFrameworksBuildPhase;
			buildActionMask = 2147483647;
			files = (
			);
			runOnlyForDeploymentPostprocessing = 0;
		};
		B8F8E26D29E462880021117A /* Frameworks */ = {
			isa = PBXFrameworksBuildPhase;
			buildActionMask = 2147483647;
			files = (
			);
			runOnlyForDeploymentPostprocessing = 0;
		};
/* End PBXFrameworksBuildPhase section */

/* Begin PBXGroup section */
		B8032BDD29E469E30033FC5B /* Frameworks */ = {
			isa = PBXGroup;
			children = (
			);
			name = Frameworks;
			sourceTree = "<group>";
		};
		B80ED7E52A1FC6610027709D /* DetailView */ = {
			isa = PBXGroup;
			children = (
				B80ED7E62A1FC6740027709D /* DetailView.swift */,
				B80ED7E72A1FC6740027709D /* DetailViewModel.swift */,
			);
			path = DetailView;
			sourceTree = "<group>";
		};
		B82539DF29E730EA0071DF6F /* MainTabView */ = {
			isa = PBXGroup;
			children = (
				B82539E029E731B80071DF6F /* MainTabView.swift */,
				B82539E129E731B80071DF6F /* MainTabViewModel.swift */,
			);
			path = MainTabView;
			sourceTree = "<group>";
		};
		B8A15DA329F3DE5800D81420 /* Router */ = {
			isa = PBXGroup;
			children = (
				B8A15DA429F3DE7000D81420 /* TabViewRouter.swift */,
				B8B9D26129F4029B00F4EA09 /* MainRouter.swift */,
				B80912232A091BAC006ADE9F /* RouterExtensions.swift */,
			);
			path = Router;
			sourceTree = "<group>";
		};
		B8A15DA629F3E02700D81420 /* DependenciesInjections */ = {
			isa = PBXGroup;
			children = (
				B8A15DA729F3E05C00D81420 /* Routers+DependencyInjection.swift */,
				B8B9D26329F4086500F4EA09 /* Repositories+DependencyInjection.swift */,
				B8B9D26529F408AB00F4EA09 /* UseCases+DependencyInjection.swift */,
			);
			path = DependenciesInjections;
			sourceTree = "<group>";
		};
		B8B9D26729F40E3A00F4EA09 /* MissionView */ = {
			isa = PBXGroup;
			children = (
				B8B9D26829F40E5900F4EA09 /* MissionView.swift */,
				B8B9D26929F40E5900F4EA09 /* MissionViewModel.swift */,
			);
			path = MissionView;
			sourceTree = "<group>";
		};
		B8B9D26C29F5BB3200F4EA09 /* SettingsView */ = {
			isa = PBXGroup;
			children = (
				B8B9D26D29F5BB4C00F4EA09 /* SearchSettingsView.swift */,
				B8B9D26E29F5BB4C00F4EA09 /* SearchSettingsViewModel.swift */,
			);
			path = SettingsView;
			sourceTree = "<group>";
		};
		B8C7040229FE84A100F779F4 /* Extensions */ = {
			isa = PBXGroup;
			children = (
				B8C7040329FE84B000F779F4 /* Date+Extensions.swift */,
				B8C7040529FFFEB300F779F4 /* Double+Extensions.swift */,
				B8C7040729FFFEC800F779F4 /* Int+Extensions.swift */,
			);
			path = Extensions;
			sourceTree = "<group>";
		};
		B8CA8E362A0BA5A50093A42E /* FavoriteView */ = {
			isa = PBXGroup;
			children = (
				B8CA8E392A0BA5DD0093A42E /* FavoriteView.swift */,
				B8CA8E3A2A0BA5DD0093A42E /* FavoriteViewModel.swift */,
			);
			path = FavoriteView;
			sourceTree = "<group>";
		};
		B8F8E24D29E462870021117A = {
			isa = PBXGroup;
			children = (
				B8F8E25729E462870021117A /* Products */,
				B8F8E25829E462870021117A /* SwiftOnMars */,
				B8F8E26929E462880021117A /* SwiftOnMarsTests */,
				B8F8E27329E462880021117A /* SwiftOnMarsUITests */,
				B82539DE29E7226E0071DF6F /* NasaModels */,
				B8032BE029E46C2C0033FC5B /* SOMDataLayer */,
				B8032BE129E46C330033FC5B /* SOMDesignSystem */,
				B8032BDC29E4699F0033FC5B /* SOMDomainLayer */,
				B8032BDD29E469E30033FC5B /* Frameworks */,
			);
			sourceTree = "<group>";
		};
		B8F8E25729E462870021117A /* Products */ = {
			isa = PBXGroup;
			children = (
				B8F8E25629E462870021117A /* SwiftOnMars.app */,
				B8F8E26629E462880021117A /* SwiftOnMarsTests.xctest */,
				B8F8E27029E462880021117A /* SwiftOnMarsUITests.xctest */,
			);
			name = Products;
			sourceTree = "<group>";
		};
		B8F8E25829E462870021117A /* SwiftOnMars */ = {
			isa = PBXGroup;
			children = (
				B8F8E28629E465190021117A /* App */,
				B8F8E28729E4651E0021117A /* AppManagement */,
				B8F8E28929E4652C0021117A /* Scenes */,
				B8F8E28829E465250021117A /* Shared */,
			);
			path = SwiftOnMars;
			sourceTree = "<group>";
		};
		B8F8E25F29E462880021117A /* Preview Content */ = {
			isa = PBXGroup;
			children = (
				B8F8E26029E462880021117A /* Preview Assets.xcassets */,
			);
			path = "Preview Content";
			sourceTree = "<group>";
		};
		B8F8E26929E462880021117A /* SwiftOnMarsTests */ = {
			isa = PBXGroup;
			children = (
				B8F8E26A29E462880021117A /* SwiftOnMarsTests.swift */,
			);
			path = SwiftOnMarsTests;
			sourceTree = "<group>";
		};
		B8F8E27329E462880021117A /* SwiftOnMarsUITests */ = {
			isa = PBXGroup;
			children = (
				B8F8E27429E462880021117A /* SwiftOnMarsUITests.swift */,
				B8F8E27629E462880021117A /* SwiftOnMarsUITestsLaunchTests.swift */,
			);
			path = SwiftOnMarsUITests;
			sourceTree = "<group>";
		};
		B8F8E28629E465190021117A /* App */ = {
			isa = PBXGroup;
			children = (
				B8F8E28A29E4654D0021117A /* Resources */,
				B8F8E25929E462870021117A /* SwiftOnMarsApp.swift */,
			);
			path = App;
			sourceTree = "<group>";
		};
		B8F8E28729E4651E0021117A /* AppManagement */ = {
			isa = PBXGroup;
			children = (
				B8A15DA629F3E02700D81420 /* DependenciesInjections */,
				B8A15DA329F3DE5800D81420 /* Router */,
			);
			path = AppManagement;
			sourceTree = "<group>";
		};
		B8F8E28829E465250021117A /* Shared */ = {
			isa = PBXGroup;
			children = (
				B8C7040229FE84A100F779F4 /* Extensions */,
			);
			path = Shared;
			sourceTree = "<group>";
		};
		B8F8E28929E4652C0021117A /* Scenes */ = {
			isa = PBXGroup;
			children = (
				B80ED7E52A1FC6610027709D /* DetailView */,
				B8CA8E362A0BA5A50093A42E /* FavoriteView */,
				B8B9D26C29F5BB3200F4EA09 /* SettingsView */,
				B8B9D26729F40E3A00F4EA09 /* MissionView */,
				B82539DF29E730EA0071DF6F /* MainTabView */,
			);
			path = Scenes;
			sourceTree = "<group>";
		};
		B8F8E28A29E4654D0021117A /* Resources */ = {
			isa = PBXGroup;
			children = (
				B8F8E25D29E462880021117A /* Assets.xcassets */,
				B8F8E25F29E462880021117A /* Preview Content */,
			);
			path = Resources;
			sourceTree = "<group>";
		};
/* End PBXGroup section */

/* Begin PBXNativeTarget section */
		B8F8E25529E462870021117A /* SwiftOnMars */ = {
			isa = PBXNativeTarget;
			buildConfigurationList = B8F8E27A29E462880021117A /* Build configuration list for PBXNativeTarget "SwiftOnMars" */;
			buildPhases = (
				B8F8E25229E462870021117A /* Sources */,
				B8F8E25329E462870021117A /* Frameworks */,
				B8F8E25429E462870021117A /* Resources */,
			);
			buildRules = (
			);
			dependencies = (
			);
			name = SwiftOnMars;
			packageProductDependencies = (
				B8F8E28429E4650F0021117A /* Factory */,
				B8032BDE29E469E30033FC5B /* SOMDomainLayer */,
				B82539DA29E4A7630071DF6F /* SOMDesignSystem */,
				B82539DC29E5E0C80071DF6F /* SOMDataLayer */,
			);
			productName = SwiftOnMars;
			productReference = B8F8E25629E462870021117A /* SwiftOnMars.app */;
			productType = "com.apple.product-type.application";
		};
		B8F8E26529E462880021117A /* SwiftOnMarsTests */ = {
			isa = PBXNativeTarget;
			buildConfigurationList = B8F8E27D29E462880021117A /* Build configuration list for PBXNativeTarget "SwiftOnMarsTests" */;
			buildPhases = (
				B8F8E26229E462880021117A /* Sources */,
				B8F8E26329E462880021117A /* Frameworks */,
				B8F8E26429E462880021117A /* Resources */,
			);
			buildRules = (
			);
			dependencies = (
				B8F8E26829E462880021117A /* PBXTargetDependency */,
			);
			name = SwiftOnMarsTests;
			productName = SwiftOnMarsTests;
			productReference = B8F8E26629E462880021117A /* SwiftOnMarsTests.xctest */;
			productType = "com.apple.product-type.bundle.unit-test";
		};
		B8F8E26F29E462880021117A /* SwiftOnMarsUITests */ = {
			isa = PBXNativeTarget;
			buildConfigurationList = B8F8E28029E462880021117A /* Build configuration list for PBXNativeTarget "SwiftOnMarsUITests" */;
			buildPhases = (
				B8F8E26C29E462880021117A /* Sources */,
				B8F8E26D29E462880021117A /* Frameworks */,
				B8F8E26E29E462880021117A /* Resources */,
			);
			buildRules = (
			);
			dependencies = (
				B8F8E27229E462880021117A /* PBXTargetDependency */,
			);
			name = SwiftOnMarsUITests;
			productName = SwiftOnMarsUITests;
			productReference = B8F8E27029E462880021117A /* SwiftOnMarsUITests.xctest */;
			productType = "com.apple.product-type.bundle.ui-testing";
		};
/* End PBXNativeTarget section */

/* Begin PBXProject section */
		B8F8E24E29E462870021117A /* Project object */ = {
			isa = PBXProject;
			attributes = {
				BuildIndependentTargetsInParallel = 1;
				LastSwiftUpdateCheck = 1420;
				LastUpgradeCheck = 1420;
				TargetAttributes = {
					B8F8E25529E462870021117A = {
						CreatedOnToolsVersion = 14.2;
					};
					B8F8E26529E462880021117A = {
						CreatedOnToolsVersion = 14.2;
						TestTargetID = B8F8E25529E462870021117A;
					};
					B8F8E26F29E462880021117A = {
						CreatedOnToolsVersion = 14.2;
						TestTargetID = B8F8E25529E462870021117A;
					};
				};
			};
			buildConfigurationList = B8F8E25129E462870021117A /* Build configuration list for PBXProject "SwiftOnMars" */;
			compatibilityVersion = "Xcode 14.0";
			developmentRegion = en;
			hasScannedForEncodings = 0;
			knownRegions = (
				en,
				Base,
			);
			mainGroup = B8F8E24D29E462870021117A;
			packageReferences = (
				B8F8E28329E4650F0021117A /* XCRemoteSwiftPackageReference "Factory" */,
			);
			productRefGroup = B8F8E25729E462870021117A /* Products */;
			projectDirPath = "";
			projectRoot = "";
			targets = (
				B8F8E25529E462870021117A /* SwiftOnMars */,
				B8F8E26529E462880021117A /* SwiftOnMarsTests */,
				B8F8E26F29E462880021117A /* SwiftOnMarsUITests */,
			);
		};
/* End PBXProject section */

/* Begin PBXResourcesBuildPhase section */
		B8F8E25429E462870021117A /* Resources */ = {
			isa = PBXResourcesBuildPhase;
			buildActionMask = 2147483647;
			files = (
				B8F8E26129E462880021117A /* Preview Assets.xcassets in Resources */,
				B8F8E25E29E462880021117A /* Assets.xcassets in Resources */,
			);
			runOnlyForDeploymentPostprocessing = 0;
		};
		B8F8E26429E462880021117A /* Resources */ = {
			isa = PBXResourcesBuildPhase;
			buildActionMask = 2147483647;
			files = (
			);
			runOnlyForDeploymentPostprocessing = 0;
		};
		B8F8E26E29E462880021117A /* Resources */ = {
			isa = PBXResourcesBuildPhase;
			buildActionMask = 2147483647;
			files = (
			);
			runOnlyForDeploymentPostprocessing = 0;
		};
/* End PBXResourcesBuildPhase section */

/* Begin PBXSourcesBuildPhase section */
		B8F8E25229E462870021117A /* Sources */ = {
			isa = PBXSourcesBuildPhase;
			buildActionMask = 2147483647;
			files = (
				B8CA8E3C2A0BA5DD0093A42E /* FavoriteViewModel.swift in Sources */,
				B82539E329E731B80071DF6F /* MainTabViewModel.swift in Sources */,
				B8CA8E3B2A0BA5DD0093A42E /* FavoriteView.swift in Sources */,
				B80ED7E92A1FC6740027709D /* DetailViewModel.swift in Sources */,
				B8B9D26B29F40E5900F4EA09 /* MissionViewModel.swift in Sources */,
				B80912242A091BAC006ADE9F /* RouterExtensions.swift in Sources */,
				B8C7040629FFFEB300F779F4 /* Double+Extensions.swift in Sources */,
				B82539E229E731B80071DF6F /* MainTabView.swift in Sources */,
				B8C7040429FE84B000F779F4 /* Date+Extensions.swift in Sources */,
				B8B9D27029F5BB4C00F4EA09 /* SearchSettingsViewModel.swift in Sources */,
				B8A15DA529F3DE7000D81420 /* TabViewRouter.swift in Sources */,
				B8F8E25A29E462870021117A /* SwiftOnMarsApp.swift in Sources */,
				B8A15DA829F3E05C00D81420 /* Routers+DependencyInjection.swift in Sources */,
				B8C7040829FFFEC800F779F4 /* Int+Extensions.swift in Sources */,
				B8B9D26A29F40E5900F4EA09 /* MissionView.swift in Sources */,
				B8B9D26429F4086500F4EA09 /* Repositories+DependencyInjection.swift in Sources */,
				B8B9D26629F408AB00F4EA09 /* UseCases+DependencyInjection.swift in Sources */,
				B80ED7E82A1FC6740027709D /* DetailView.swift in Sources */,
				B8B9D26229F4029B00F4EA09 /* MainRouter.swift in Sources */,
				B8B9D26F29F5BB4C00F4EA09 /* SearchSettingsView.swift in Sources */,
			);
			runOnlyForDeploymentPostprocessing = 0;
		};
		B8F8E26229E462880021117A /* Sources */ = {
			isa = PBXSourcesBuildPhase;
			buildActionMask = 2147483647;
			files = (
				B8F8E26B29E462880021117A /* SwiftOnMarsTests.swift in Sources */,
			);
			runOnlyForDeploymentPostprocessing = 0;
		};
		B8F8E26C29E462880021117A /* Sources */ = {
			isa = PBXSourcesBuildPhase;
			buildActionMask = 2147483647;
			files = (
				B8F8E27729E462880021117A /* SwiftOnMarsUITestsLaunchTests.swift in Sources */,
				B8F8E27529E462880021117A /* SwiftOnMarsUITests.swift in Sources */,
			);
			runOnlyForDeploymentPostprocessing = 0;
		};
/* End PBXSourcesBuildPhase section */

/* Begin PBXTargetDependency section */
		B8F8E26829E462880021117A /* PBXTargetDependency */ = {
			isa = PBXTargetDependency;
			target = B8F8E25529E462870021117A /* SwiftOnMars */;
			targetProxy = B8F8E26729E462880021117A /* PBXContainerItemProxy */;
		};
		B8F8E27229E462880021117A /* PBXTargetDependency */ = {
			isa = PBXTargetDependency;
			target = B8F8E25529E462870021117A /* SwiftOnMars */;
			targetProxy = B8F8E27129E462880021117A /* PBXContainerItemProxy */;
		};
/* End PBXTargetDependency section */

/* Begin XCBuildConfiguration section */
		B8F8E27829E462880021117A /* Debug */ = {
			isa = XCBuildConfiguration;
			buildSettings = {
				ALWAYS_SEARCH_USER_PATHS = NO;
				CLANG_ANALYZER_NONNULL = YES;
				CLANG_ANALYZER_NUMBER_OBJECT_CONVERSION = YES_AGGRESSIVE;
				CLANG_CXX_LANGUAGE_STANDARD = "gnu++20";
				CLANG_ENABLE_MODULES = YES;
				CLANG_ENABLE_OBJC_ARC = YES;
				CLANG_ENABLE_OBJC_WEAK = YES;
				CLANG_WARN_BLOCK_CAPTURE_AUTORELEASING = YES;
				CLANG_WARN_BOOL_CONVERSION = YES;
				CLANG_WARN_COMMA = YES;
				CLANG_WARN_CONSTANT_CONVERSION = YES;
				CLANG_WARN_DEPRECATED_OBJC_IMPLEMENTATIONS = YES;
				CLANG_WARN_DIRECT_OBJC_ISA_USAGE = YES_ERROR;
				CLANG_WARN_DOCUMENTATION_COMMENTS = YES;
				CLANG_WARN_EMPTY_BODY = YES;
				CLANG_WARN_ENUM_CONVERSION = YES;
				CLANG_WARN_INFINITE_RECURSION = YES;
				CLANG_WARN_INT_CONVERSION = YES;
				CLANG_WARN_NON_LITERAL_NULL_CONVERSION = YES;
				CLANG_WARN_OBJC_IMPLICIT_RETAIN_SELF = YES;
				CLANG_WARN_OBJC_LITERAL_CONVERSION = YES;
				CLANG_WARN_OBJC_ROOT_CLASS = YES_ERROR;
				CLANG_WARN_QUOTED_INCLUDE_IN_FRAMEWORK_HEADER = YES;
				CLANG_WARN_RANGE_LOOP_ANALYSIS = YES;
				CLANG_WARN_STRICT_PROTOTYPES = YES;
				CLANG_WARN_SUSPICIOUS_MOVE = YES;
				CLANG_WARN_UNGUARDED_AVAILABILITY = YES_AGGRESSIVE;
				CLANG_WARN_UNREACHABLE_CODE = YES;
				CLANG_WARN__DUPLICATE_METHOD_MATCH = YES;
				COPY_PHASE_STRIP = NO;
				DEBUG_INFORMATION_FORMAT = dwarf;
				ENABLE_STRICT_OBJC_MSGSEND = YES;
				ENABLE_TESTABILITY = YES;
				GCC_C_LANGUAGE_STANDARD = gnu11;
				GCC_DYNAMIC_NO_PIC = NO;
				GCC_NO_COMMON_BLOCKS = YES;
				GCC_OPTIMIZATION_LEVEL = 0;
				GCC_PREPROCESSOR_DEFINITIONS = (
					"DEBUG=1",
					"$(inherited)",
				);
				GCC_WARN_64_TO_32_BIT_CONVERSION = YES;
				GCC_WARN_ABOUT_RETURN_TYPE = YES_ERROR;
				GCC_WARN_UNDECLARED_SELECTOR = YES;
				GCC_WARN_UNINITIALIZED_AUTOS = YES_AGGRESSIVE;
				GCC_WARN_UNUSED_FUNCTION = YES;
				GCC_WARN_UNUSED_VARIABLE = YES;
				IPHONEOS_DEPLOYMENT_TARGET = 16.2;
				MTL_ENABLE_DEBUG_INFO = INCLUDE_SOURCE;
				MTL_FAST_MATH = YES;
				ONLY_ACTIVE_ARCH = YES;
				SDKROOT = iphoneos;
				SWIFT_ACTIVE_COMPILATION_CONDITIONS = DEBUG;
				SWIFT_OPTIMIZATION_LEVEL = "-Onone";
			};
			name = Debug;
		};
		B8F8E27929E462880021117A /* Release */ = {
			isa = XCBuildConfiguration;
			buildSettings = {
				ALWAYS_SEARCH_USER_PATHS = NO;
				CLANG_ANALYZER_NONNULL = YES;
				CLANG_ANALYZER_NUMBER_OBJECT_CONVERSION = YES_AGGRESSIVE;
				CLANG_CXX_LANGUAGE_STANDARD = "gnu++20";
				CLANG_ENABLE_MODULES = YES;
				CLANG_ENABLE_OBJC_ARC = YES;
				CLANG_ENABLE_OBJC_WEAK = YES;
				CLANG_WARN_BLOCK_CAPTURE_AUTORELEASING = YES;
				CLANG_WARN_BOOL_CONVERSION = YES;
				CLANG_WARN_COMMA = YES;
				CLANG_WARN_CONSTANT_CONVERSION = YES;
				CLANG_WARN_DEPRECATED_OBJC_IMPLEMENTATIONS = YES;
				CLANG_WARN_DIRECT_OBJC_ISA_USAGE = YES_ERROR;
				CLANG_WARN_DOCUMENTATION_COMMENTS = YES;
				CLANG_WARN_EMPTY_BODY = YES;
				CLANG_WARN_ENUM_CONVERSION = YES;
				CLANG_WARN_INFINITE_RECURSION = YES;
				CLANG_WARN_INT_CONVERSION = YES;
				CLANG_WARN_NON_LITERAL_NULL_CONVERSION = YES;
				CLANG_WARN_OBJC_IMPLICIT_RETAIN_SELF = YES;
				CLANG_WARN_OBJC_LITERAL_CONVERSION = YES;
				CLANG_WARN_OBJC_ROOT_CLASS = YES_ERROR;
				CLANG_WARN_QUOTED_INCLUDE_IN_FRAMEWORK_HEADER = YES;
				CLANG_WARN_RANGE_LOOP_ANALYSIS = YES;
				CLANG_WARN_STRICT_PROTOTYPES = YES;
				CLANG_WARN_SUSPICIOUS_MOVE = YES;
				CLANG_WARN_UNGUARDED_AVAILABILITY = YES_AGGRESSIVE;
				CLANG_WARN_UNREACHABLE_CODE = YES;
				CLANG_WARN__DUPLICATE_METHOD_MATCH = YES;
				COPY_PHASE_STRIP = NO;
				DEBUG_INFORMATION_FORMAT = "dwarf-with-dsym";
				ENABLE_NS_ASSERTIONS = NO;
				ENABLE_STRICT_OBJC_MSGSEND = YES;
				GCC_C_LANGUAGE_STANDARD = gnu11;
				GCC_NO_COMMON_BLOCKS = YES;
				GCC_WARN_64_TO_32_BIT_CONVERSION = YES;
				GCC_WARN_ABOUT_RETURN_TYPE = YES_ERROR;
				GCC_WARN_UNDECLARED_SELECTOR = YES;
				GCC_WARN_UNINITIALIZED_AUTOS = YES_AGGRESSIVE;
				GCC_WARN_UNUSED_FUNCTION = YES;
				GCC_WARN_UNUSED_VARIABLE = YES;
				IPHONEOS_DEPLOYMENT_TARGET = 16.2;
				MTL_ENABLE_DEBUG_INFO = NO;
				MTL_FAST_MATH = YES;
				SDKROOT = iphoneos;
				SWIFT_COMPILATION_MODE = wholemodule;
				SWIFT_OPTIMIZATION_LEVEL = "-O";
				VALIDATE_PRODUCT = YES;
			};
			name = Release;
		};
		B8F8E27B29E462880021117A /* Debug */ = {
			isa = XCBuildConfiguration;
			buildSettings = {
				ASSETCATALOG_COMPILER_APPICON_NAME = AppIcon;
				ASSETCATALOG_COMPILER_GLOBAL_ACCENT_COLOR_NAME = AccentColor;
				CODE_SIGN_STYLE = Automatic;
				CURRENT_PROJECT_VERSION = 1;
				DEVELOPMENT_ASSET_PATHS = "\"SwiftOnMars/App/Resources/Preview Content\"";
				DEVELOPMENT_TEAM = 92833SP6PV;
				ENABLE_PREVIEWS = YES;
				GENERATE_INFOPLIST_FILE = YES;
				INFOPLIST_KEY_UIApplicationSceneManifest_Generation = YES;
				INFOPLIST_KEY_UIApplicationSupportsIndirectInputEvents = YES;
				INFOPLIST_KEY_UILaunchScreen_Generation = YES;
				INFOPLIST_KEY_UISupportedInterfaceOrientations_iPad = "UIInterfaceOrientationPortrait UIInterfaceOrientationPortraitUpsideDown UIInterfaceOrientationLandscapeLeft UIInterfaceOrientationLandscapeRight";
				INFOPLIST_KEY_UISupportedInterfaceOrientations_iPhone = "UIInterfaceOrientationPortrait UIInterfaceOrientationLandscapeLeft UIInterfaceOrientationLandscapeRight";
				IPHONEOS_DEPLOYMENT_TARGET = 16.4;
				LD_RUNPATH_SEARCH_PATHS = (
					"$(inherited)",
					"@executable_path/Frameworks",
				);
				MARKETING_VERSION = 1.0;
				OTHER_SWIFT_FLAGS = "-enable-upcoming-feature BareSlashRegexLiterals -enable-upcoming-feature ConciseMagicFile -enable-upcoming-feature ExistentialAny -enable-upcoming-feature ImplicitOpenExistentials -enable-upcoming-feature StrictConcurrency -warn-concurrency -enable-actor-data-race-checks";
				PRODUCT_BUNDLE_IDENTIFIER = com.mlukacs.SwiftOnMars;
				PRODUCT_NAME = "$(TARGET_NAME)";
				SWIFT_EMIT_LOC_STRINGS = YES;
				SWIFT_STRICT_CONCURRENCY = complete;
				SWIFT_VERSION = 5.0;
				TARGETED_DEVICE_FAMILY = "1,2";
			};
			name = Debug;
		};
		B8F8E27C29E462880021117A /* Release */ = {
			isa = XCBuildConfiguration;
			buildSettings = {
				ASSETCATALOG_COMPILER_APPICON_NAME = AppIcon;
				ASSETCATALOG_COMPILER_GLOBAL_ACCENT_COLOR_NAME = AccentColor;
				CODE_SIGN_STYLE = Automatic;
				CURRENT_PROJECT_VERSION = 1;
				DEVELOPMENT_ASSET_PATHS = "\"SwiftOnMars/App/Resources/Preview Content\"";
				DEVELOPMENT_TEAM = 92833SP6PV;
				ENABLE_PREVIEWS = YES;
				GENERATE_INFOPLIST_FILE = YES;
				INFOPLIST_KEY_UIApplicationSceneManifest_Generation = YES;
				INFOPLIST_KEY_UIApplicationSupportsIndirectInputEvents = YES;
				INFOPLIST_KEY_UILaunchScreen_Generation = YES;
				INFOPLIST_KEY_UISupportedInterfaceOrientations_iPad = "UIInterfaceOrientationPortrait UIInterfaceOrientationPortraitUpsideDown UIInterfaceOrientationLandscapeLeft UIInterfaceOrientationLandscapeRight";
				INFOPLIST_KEY_UISupportedInterfaceOrientations_iPhone = "UIInterfaceOrientationPortrait UIInterfaceOrientationLandscapeLeft UIInterfaceOrientationLandscapeRight";
				IPHONEOS_DEPLOYMENT_TARGET = 16.4;
				LD_RUNPATH_SEARCH_PATHS = (
					"$(inherited)",
					"@executable_path/Frameworks",
				);
				MARKETING_VERSION = 1.0;
				OTHER_SWIFT_FLAGS = "-enable-upcoming-feature BareSlashRegexLiterals -enable-upcoming-feature ConciseMagicFile -enable-upcoming-feature ExistentialAny -enable-upcoming-feature ForwardTrailingClosures -enable-upcoming-feature ImplicitOpenExistentials -enable-upcoming-feature StrictConcurrency -warn-concurrency -enable-actor-data-race-checks";
				PRODUCT_BUNDLE_IDENTIFIER = com.mlukacs.SwiftOnMars;
				PRODUCT_NAME = "$(TARGET_NAME)";
				SWIFT_EMIT_LOC_STRINGS = YES;
				SWIFT_STRICT_CONCURRENCY = complete;
				SWIFT_VERSION = 5.0;
				TARGETED_DEVICE_FAMILY = "1,2";
			};
			name = Release;
		};
		B8F8E27E29E462880021117A /* Debug */ = {
			isa = XCBuildConfiguration;
			buildSettings = {
				ALWAYS_EMBED_SWIFT_STANDARD_LIBRARIES = YES;
				BUNDLE_LOADER = "$(TEST_HOST)";
				CODE_SIGN_STYLE = Automatic;
				CURRENT_PROJECT_VERSION = 1;
				DEVELOPMENT_TEAM = 92833SP6PV;
				GENERATE_INFOPLIST_FILE = YES;
				IPHONEOS_DEPLOYMENT_TARGET = 16.2;
				MARKETING_VERSION = 1.0;
				PRODUCT_BUNDLE_IDENTIFIER = com.mlukacs.SwiftOnMarsTests;
				PRODUCT_NAME = "$(TARGET_NAME)";
				SWIFT_EMIT_LOC_STRINGS = NO;
				SWIFT_VERSION = 5.0;
				TARGETED_DEVICE_FAMILY = "1,2";
				TEST_HOST = "$(BUILT_PRODUCTS_DIR)/SwiftOnMars.app/$(BUNDLE_EXECUTABLE_FOLDER_PATH)/SwiftOnMars";
			};
			name = Debug;
		};
		B8F8E27F29E462880021117A /* Release */ = {
			isa = XCBuildConfiguration;
			buildSettings = {
				ALWAYS_EMBED_SWIFT_STANDARD_LIBRARIES = YES;
				BUNDLE_LOADER = "$(TEST_HOST)";
				CODE_SIGN_STYLE = Automatic;
				CURRENT_PROJECT_VERSION = 1;
				DEVELOPMENT_TEAM = 92833SP6PV;
				GENERATE_INFOPLIST_FILE = YES;
				IPHONEOS_DEPLOYMENT_TARGET = 16.2;
				MARKETING_VERSION = 1.0;
				PRODUCT_BUNDLE_IDENTIFIER = com.mlukacs.SwiftOnMarsTests;
				PRODUCT_NAME = "$(TARGET_NAME)";
				SWIFT_EMIT_LOC_STRINGS = NO;
				SWIFT_VERSION = 5.0;
				TARGETED_DEVICE_FAMILY = "1,2";
				TEST_HOST = "$(BUILT_PRODUCTS_DIR)/SwiftOnMars.app/$(BUNDLE_EXECUTABLE_FOLDER_PATH)/SwiftOnMars";
			};
			name = Release;
		};
		B8F8E28129E462880021117A /* Debug */ = {
			isa = XCBuildConfiguration;
			buildSettings = {
				ALWAYS_EMBED_SWIFT_STANDARD_LIBRARIES = YES;
				CODE_SIGN_STYLE = Automatic;
				CURRENT_PROJECT_VERSION = 1;
				DEVELOPMENT_TEAM = 92833SP6PV;
				GENERATE_INFOPLIST_FILE = YES;
				MARKETING_VERSION = 1.0;
				PRODUCT_BUNDLE_IDENTIFIER = com.mlukacs.SwiftOnMarsUITests;
				PRODUCT_NAME = "$(TARGET_NAME)";
				SWIFT_EMIT_LOC_STRINGS = NO;
				SWIFT_VERSION = 5.0;
				TARGETED_DEVICE_FAMILY = "1,2";
				TEST_TARGET_NAME = SwiftOnMars;
			};
			name = Debug;
		};
		B8F8E28229E462880021117A /* Release */ = {
			isa = XCBuildConfiguration;
			buildSettings = {
				ALWAYS_EMBED_SWIFT_STANDARD_LIBRARIES = YES;
				CODE_SIGN_STYLE = Automatic;
				CURRENT_PROJECT_VERSION = 1;
				DEVELOPMENT_TEAM = 92833SP6PV;
				GENERATE_INFOPLIST_FILE = YES;
				MARKETING_VERSION = 1.0;
				PRODUCT_BUNDLE_IDENTIFIER = com.mlukacs.SwiftOnMarsUITests;
				PRODUCT_NAME = "$(TARGET_NAME)";
				SWIFT_EMIT_LOC_STRINGS = NO;
				SWIFT_VERSION = 5.0;
				TARGETED_DEVICE_FAMILY = "1,2";
				TEST_TARGET_NAME = SwiftOnMars;
			};
			name = Release;
		};
/* End XCBuildConfiguration section */

/* Begin XCConfigurationList section */
		B8F8E25129E462870021117A /* Build configuration list for PBXProject "SwiftOnMars" */ = {
			isa = XCConfigurationList;
			buildConfigurations = (
				B8F8E27829E462880021117A /* Debug */,
				B8F8E27929E462880021117A /* Release */,
			);
			defaultConfigurationIsVisible = 0;
			defaultConfigurationName = Release;
		};
		B8F8E27A29E462880021117A /* Build configuration list for PBXNativeTarget "SwiftOnMars" */ = {
			isa = XCConfigurationList;
			buildConfigurations = (
				B8F8E27B29E462880021117A /* Debug */,
				B8F8E27C29E462880021117A /* Release */,
			);
			defaultConfigurationIsVisible = 0;
			defaultConfigurationName = Release;
		};
		B8F8E27D29E462880021117A /* Build configuration list for PBXNativeTarget "SwiftOnMarsTests" */ = {
			isa = XCConfigurationList;
			buildConfigurations = (
				B8F8E27E29E462880021117A /* Debug */,
				B8F8E27F29E462880021117A /* Release */,
			);
			defaultConfigurationIsVisible = 0;
			defaultConfigurationName = Release;
		};
		B8F8E28029E462880021117A /* Build configuration list for PBXNativeTarget "SwiftOnMarsUITests" */ = {
			isa = XCConfigurationList;
			buildConfigurations = (
				B8F8E28129E462880021117A /* Debug */,
				B8F8E28229E462880021117A /* Release */,
			);
			defaultConfigurationIsVisible = 0;
			defaultConfigurationName = Release;
		};
/* End XCConfigurationList section */

/* Begin XCRemoteSwiftPackageReference section */
		B8F8E28329E4650F0021117A /* XCRemoteSwiftPackageReference "Factory" */ = {
			isa = XCRemoteSwiftPackageReference;
			repositoryURL = "https://github.com/hmlongco/Factory";
			requirement = {
				kind = upToNextMajorVersion;
				minimumVersion = 2.0.0;
			};
		};
/* End XCRemoteSwiftPackageReference section */

/* Begin XCSwiftPackageProductDependency section */
		B8032BDE29E469E30033FC5B /* SOMDomainLayer */ = {
			isa = XCSwiftPackageProductDependency;
			productName = SOMDomainLayer;
		};
		B82539DA29E4A7630071DF6F /* SOMDesignSystem */ = {
			isa = XCSwiftPackageProductDependency;
			productName = SOMDesignSystem;
		};
		B82539DC29E5E0C80071DF6F /* SOMDataLayer */ = {
			isa = XCSwiftPackageProductDependency;
			productName = SOMDataLayer;
		};
		B8F8E28429E4650F0021117A /* Factory */ = {
			isa = XCSwiftPackageProductDependency;
			package = B8F8E28329E4650F0021117A /* XCRemoteSwiftPackageReference "Factory" */;
			productName = Factory;
		};
/* End XCSwiftPackageProductDependency section */
	};
	rootObject = B8F8E24E29E462870021117A /* Project object */;
}
