{
  "pins" : [
    {
      "identity" : "factory",
      "kind" : "remoteSourceControl",
      "location" : "https://github.com/hmlongco/Factory",
      "state" : {
        "revision" : "1276137960e14561473f2dfe72b9ccf3a2e03690",
        "version" : "2.1.4"
      }
    },
    {
      "identity" : "kingfisher",
      "kind" : "remoteSourceControl",
      "location" : "https://github.com/onevcat/Kingfisher.git",
      "state" : {
        "revision" : "af4be924ad984cf4d16f4ae4df424e79a443d435",
        "version" : "7.6.2"
      }
    },
    {
      "identity" : "safecache",
      "kind" : "remoteSourceControl",
      "location" : "https://github.com/lukacs-m/SafeCache",
      "state" : {
        "revision" : "53b314a255ea2b94667f96afa2db60461ecc3eb8",
        "version" : "0.1.2"
      }
    },
    {
      "identity" : "simplenetwork",
      "kind" : "remoteSourceControl",
      "location" : "https://github.com/lukacs-m/SimpleNetwork",
      "state" : {
        "revision" : "cd03a5916aef683ae9fa15ce19e6da7117d846a8",
        "version" : "0.2.0"
      }
    },
    {
      "identity" : "simplysave",
      "kind" : "remoteSourceControl",
      "location" : "https://github.com/lukacs-m/SimplySave",
      "state" : {
        "revision" : "17bf480ea4dcfb45ef49b3787f6d6defab948abb",
        "version" : "0.1.1"
      }
    }
  ],
  "version" : 2
}
