{
  "pins" : [
    {
      "identity" : "aexml",
      "kind" : "remoteSourceControl",
      "location" : "https://github.com/tadija/AEXML.git",
      "state" : {
        "revision" : "38f7d00b23ecd891e1ee656fa6aeebd6ba04ecc3",
        "version" : "4.6.1"
      }
    },
    {
      "identity" : "commander",
      "kind" : "remoteSourceControl",
      "location" : "https://github.com/kylef/Commander.git",
      "state" : {
        "revision" : "4b6133c3071d521489a80c38fb92d7983f19d438",
        "version" : "0.9.1"
      }
    },
    {
      "identity" : "factory",
      "kind" : "remoteSourceControl",
      "location" : "https://github.com/hmlongco/Factory",
      "state" : {
        "revision" : "8ca11a7bd1ede031e8e6d7a912bb116e2e43961b",
        "version" : "2.3.1"
      }
    },
    {
      "identity" : "kingfisher",
      "kind" : "remoteSourceControl",
      "location" : "https://github.com/onevcat/Kingfisher.git",
      "state" : {
        "revision" : "3ec0ab0bca4feb56e8b33e289c9496e89059dd08",
        "version" : "7.10.2"
      }
    },
    {
      "identity" : "komondor",
      "kind" : "remoteSourceControl",
      "location" : "https://github.com/shibapm/Komondor.git",
      "state" : {
        "revision" : "90b087b1e39069684b1ff4bf915c2aae594f2d60",
        "version" : "1.1.3"
      }
    },
    {
      "identity" : "packageconfig",
      "kind" : "remoteSourceControl",
      "location" : "https://github.com/shibapm/PackageConfig.git",
      "state" : {
        "revision" : "58523193c26fb821ed1720dcd8a21009055c7cdb",
        "version" : "1.1.3"
      }
    },
    {
      "identity" : "pathkit",
      "kind" : "remoteSourceControl",
      "location" : "https://github.com/kylef/PathKit.git",
      "state" : {
        "revision" : "3bfd2737b700b9a36565a8c94f4ad2b050a5e574",
        "version" : "1.0.1"
      }
    },
    {
      "identity" : "safecache",
      "kind" : "remoteSourceControl",
      "location" : "https://github.com/lukacs-m/SafeCache",
      "state" : {
        "revision" : "53b314a255ea2b94667f96afa2db60461ecc3eb8",
        "version" : "0.1.2"
      }
    },
    {
      "identity" : "shellout",
      "kind" : "remoteSourceControl",
      "location" : "https://github.com/JohnSundell/ShellOut.git",
      "state" : {
        "revision" : "e1577acf2b6e90086d01a6d5e2b8efdaae033568",
        "version" : "2.3.0"
      }
    },
    {
      "identity" : "simplehaptic",
      "kind" : "remoteSourceControl",
      "location" : "https://github.com/lukacs-m/SimpleHaptic",
      "state" : {
        "branch" : "main",
        "revision" : "30ee2aee8ae454d72ed6985a0ff7dd5b79a7c04c"
      }
    },
    {
      "identity" : "simplenetwork",
      "kind" : "remoteSourceControl",
      "location" : "https://github.com/lukacs-m/SimpleNetwork",
      "state" : {
        "revision" : "cd03a5916aef683ae9fa15ce19e6da7117d846a8",
        "version" : "0.2.0"
      }
    },
    {
      "identity" : "simpletoast",
      "kind" : "remoteSourceControl",
      "location" : "https://github.com/lukacs-m/SimpleToast",
      "state" : {
        "revision" : "3865f2aeb5bcbb1a6b79ad2687c9eba654443288",
        "version" : "0.1.2"
      }
    },
    {
      "identity" : "simplypersist",
      "kind" : "remoteSourceControl",
      "location" : "https://github.com/lukacs-m/SimplyPersist",
      "state" : {
        "branch" : "main",
        "revision" : "386cc428c8b0896dd752696a08b7456ca34e0d14"
      }
    },
    {
      "identity" : "simplysave",
      "kind" : "remoteSourceControl",
      "location" : "https://github.com/lukacs-m/SimplySave",
      "state" : {
        "revision" : "0d78b722c061138576bbb76799676641f31523c0",
        "version" : "0.1.2"
      }
    },
    {
      "identity" : "sourcery",
      "kind" : "remoteSourceControl",
      "location" : "https://github.com/krzysztofzablocki/Sourcery.git",
      "state" : {
        "revision" : "d441f56ba972d04014c6de0f48ac17861ce629f3",
        "version" : "2.0.2"
      }
    },
    {
      "identity" : "spectre",
      "kind" : "remoteSourceControl",
      "location" : "https://github.com/kylef/Spectre.git",
      "state" : {
        "revision" : "26cc5e9ae0947092c7139ef7ba612e34646086c7",
        "version" : "0.10.1"
      }
    },
    {
      "identity" : "stencil",
      "kind" : "remoteSourceControl",
      "location" : "https://github.com/stencilproject/Stencil.git",
      "state" : {
        "revision" : "4f222ac85d673f35df29962fc4c36ccfdaf9da5b",
        "version" : "0.15.1"
      }
    },
    {
      "identity" : "stencilswiftkit",
      "kind" : "remoteSourceControl",
      "location" : "https://github.com/SwiftGen/StencilSwiftKit.git",
      "state" : {
        "revision" : "20e2de5322c83df005939d9d9300fab130b49f97",
        "version" : "2.10.1"
      }
    },
    {
      "identity" : "swift-syntax",
      "kind" : "remoteSourceControl",
      "location" : "https://github.com/apple/swift-syntax.git",
      "state" : {
        "revision" : "2c49d66d34dfd6f8130afdba889de77504b58ec0",
        "version" : "508.0.1"
      }
    },
    {
      "identity" : "xcodeproj",
      "kind" : "remoteSourceControl",
      "location" : "https://github.com/tuist/XcodeProj.git",
      "state" : {
        "revision" : "446f3a0db73e141c7f57e26fcdb043096b1db52c",
        "version" : "8.3.1"
      }
    },
    {
      "identity" : "yams",
      "kind" : "remoteSourceControl",
      "location" : "https://github.com/jpsim/Yams.git",
      "state" : {
        "revision" : "f47ba4838c30dbd59998a4e4c87ab620ff959e8a",
        "version" : "5.0.5"
      }
    }
  ],
  "version" : 2
}
